{
  "name": "@orbits/engine",
  "version": "2.0.0",
  "lockfileVersion": 2,
  "requires": true,
  "packages": {
    "": {
      "name": "@orbits/engine",
      "version": "2.0.0",
      "license": "ISC",
      "dependencies": {
        "@orbits/timer": "^1.0.0",
        "camera-controls": "^1.30.0"
      },
      "peerDependencies": {
        "react": "^18.3.1",
        "three": "^0.172.0"
      }
    },
    "node_modules/@orbits/timer": {
      "version": "1.0.0",
      "resolved": "https://registry.npmjs.org/@orbits/timer/-/timer-1.0.0.tgz",
      "integrity": "sha512-5ZXqCXKYrfPqPxFtmAsTscBRHFHomd7dapHC4/Fng71FT/YqNC9J6b8dJaCI7Cfyn2jdSele+xY5tcsX8tsAKw=="
    },
    "node_modules/camera-controls": {
      "version": "1.33.1",
      "resolved": "https://registry.npmjs.org/camera-controls/-/camera-controls-1.33.1.tgz",
      "integrity": "sha512-+l0LgV+w0G4GAtwiSahHLj7rCqzVMSa+/BHE3+aE7vdku2B9QF8CXgDSlCH9cBt2TZeg+WQSkRPeIYwjvtjdPw==",
      "peerDependencies": {
        "three": ">=0.126.1"
      }
    },
    "node_modules/js-tokens": {
      "version": "4.0.0",
      "resolved": "https://registry.npmjs.org/js-tokens/-/js-tokens-4.0.0.tgz",
      "integrity": "sha512-RdJUflcE3cUzKiMqQgsCu06FPu9UdIJO0beYbPhHN4k6apgJtifcoCtT9bcxOpYBtpD2kCM6Sbzg4CausW/PKQ==",
      "peer": true
    },
    "node_modules/loose-envify": {
      "version": "1.4.0",
      "resolved": "https://registry.npmjs.org/loose-envify/-/loose-envify-1.4.0.tgz",
      "integrity": "sha512-lyuxPGr/Wfhrlem2CL/UcnUc1zcqKAImBDzukY7Y5F/yQiNdko6+fRLevlw1HgMySw7f611UIY408EtxRSoK3Q==",
      "peer": true,
      "dependencies": {
        "js-tokens": "^3.0.0 || ^4.0.0"
      },
      "bin": {
        "loose-envify": "cli.js"
      }
    },
    "node_modules/react": {
      "version": "18.3.1",
      "resolved": "https://registry.npmjs.org/react/-/react-18.3.1.tgz",
      "integrity": "sha512-wS+hAgJShR0KhEvPJArfuPVN1+Hz1t0Y6n5jLrGQbkb4urgPE/0Rve+1kMB1v/oWgHgm4WIcV+i7F2pTVj+2iQ==",
      "license": "MIT",
      "peer": true,
      "dependencies": {
        "loose-envify": "^1.1.0"
      },
      "engines": {
        "node": ">=0.10.0"
      }
    },
    "node_modules/three": {
      "version": "0.172.0",
      "resolved": "https://registry.npmjs.org/three/-/three-0.172.0.tgz",
      "integrity": "sha512-6HMgMlzU97MsV7D/tY8Va38b83kz8YJX+BefKjspMNAv0Vx6dxMogHOrnRl/sbMIs3BPUKijPqDqJ/+UwJbIow==",
      "license": "MIT",
      "peer": true
    }
  },
  "dependencies": {
    "@orbits/timer": {
      "version": "1.0.0",
      "resolved": "https://registry.npmjs.org/@orbits/timer/-/timer-1.0.0.tgz",
      "integrity": "sha512-5ZXqCXKYrfPqPxFtmAsTscBRHFHomd7dapHC4/Fng71FT/YqNC9J6b8dJaCI7Cfyn2jdSele+xY5tcsX8tsAKw=="
    },
    "camera-controls": {
      "version": "1.33.1",
      "resolved": "https://registry.npmjs.org/camera-controls/-/camera-controls-1.33.1.tgz",
      "integrity": "sha512-+l0LgV+w0G4GAtwiSahHLj7rCqzVMSa+/BHE3+aE7vdku2B9QF8CXgDSlCH9cBt2TZeg+WQSkRPeIYwjvtjdPw==",
      "requires": {}
    },
    "js-tokens": {
      "version": "4.0.0",
      "resolved": "https://registry.npmjs.org/js-tokens/-/js-tokens-4.0.0.tgz",
      "integrity": "sha512-RdJUflcE3cUzKiMqQgsCu06FPu9UdIJO0beYbPhHN4k6apgJtifcoCtT9bcxOpYBtpD2kCM6Sbzg4CausW/PKQ==",
      "peer": true
    },
    "loose-envify": {
      "version": "1.4.0",
      "resolved": "https://registry.npmjs.org/loose-envify/-/loose-envify-1.4.0.tgz",
      "integrity": "sha512-lyuxPGr/Wfhrlem2CL/UcnUc1zcqKAImBDzukY7Y5F/yQiNdko6+fRLevlw1HgMySw7f611UIY408EtxRSoK3Q==",
      "peer": true,
      "requires": {
        "js-tokens": "^3.0.0 || ^4.0.0"
      }
    },
    "react": {
      "version": "18.3.1",
      "resolved": "https://registry.npmjs.org/react/-/react-18.3.1.tgz",
      "integrity": "sha512-wS+hAgJShR0KhEvPJArfuPVN1+Hz1t0Y6n5jLrGQbkb4urgPE/0Rve+1kMB1v/oWgHgm4WIcV+i7F2pTVj+2iQ==",
      "peer": true,
      "requires": {
        "loose-envify": "^1.1.0"
      }
    },
    "three": {
      "version": "0.172.0",
      "resolved": "https://registry.npmjs.org/three/-/three-0.172.0.tgz",
      "integrity": "sha512-6HMgMlzU97MsV7D/tY8Va38b83kz8YJX+BefKjspMNAv0Vx6dxMogHOrnRl/sbMIs3BPUKijPqDqJ/+UwJbIow==",
      "peer": true
    }
  }
}
