{
  "name": "@orbits/engine",
  "version": "1.0.4",
  "lockfileVersion": 3,
  "requires": true,
  "packages": {
    "": {
      "name": "@orbits/engine",
      "version": "1.0.4",
      "license": "ISC",
      "dependencies": {
        "@orbits/timer": "^1.0.0",
        "camera-controls": "^1.30.0"
      },
      "peerDependencies": {
        "react": "^18.2.0",
        "three": "^0.158.0"
      }
    },
    "node_modules/@orbits/timer": {
      "version": "1.0.0",
      "resolved": "https://registry.npmjs.org/@orbits/timer/-/timer-1.0.0.tgz",
      "integrity": "sha512-5ZXqCXKYrfPqPxFtmAsTscBRHFHomd7dapHC4/Fng71FT/YqNC9J6b8dJaCI7Cfyn2jdSele+xY5tcsX8tsAKw=="
    },
    "node_modules/camera-controls": {
      "version": "1.38.2",
      "resolved": "https://registry.npmjs.org/camera-controls/-/camera-controls-1.38.2.tgz",
      "integrity": "sha512-EfzbovxLssyWpJVG9uKcazSDDIEcd1hUsPhPF/OWWnICsKY9WbLY/2S4UPW73HHbvnVeR/Z9wsWaQKtANy/2Yg==",
      "peerDependencies": {
        "three": ">=0.126.1"
      }
    },
    "node_modules/js-tokens": {
      "version": "4.0.0",
      "resolved": "https://registry.npmjs.org/js-tokens/-/js-tokens-4.0.0.tgz",
      "integrity": "sha512-RdJUflcE3cUzKiMqQgsCu06FPu9UdIJO0beYbPhHN4k6apgJtifcoCtT9bcxOpYBtpD2kCM6Sbzg4CausW/PKQ==",
      "peer": true
    },
    "node_modules/loose-envify": {
      "version": "1.4.0",
      "resolved": "https://registry.npmjs.org/loose-envify/-/loose-envify-1.4.0.tgz",
      "integrity": "sha512-lyuxPGr/Wfhrlem2CL/UcnUc1zcqKAImBDzukY7Y5F/yQiNdko6+fRLevlw1HgMySw7f611UIY408EtxRSoK3Q==",
      "peer": true,
      "dependencies": {
        "js-tokens": "^3.0.0 || ^4.0.0"
      },
      "bin": {
        "loose-envify": "cli.js"
      }
    },
    "node_modules/react": {
      "version": "18.2.0",
      "resolved": "https://registry.npmjs.org/react/-/react-18.2.0.tgz",
      "integrity": "sha512-/3IjMdb2L9QbBdWiW5e3P2/npwMBaU9mHCSCUzNln0ZCYbcfTsGbTJrU/kGemdH2IWmB2ioZ+zkxtmq6g09fGQ==",
      "peer": true,
      "dependencies": {
        "loose-envify": "^1.1.0"
      },
      "engines": {
        "node": ">=0.10.0"
      }
    },
    "node_modules/three": {
      "version": "0.158.0",
      "resolved": "https://registry.npmjs.org/three/-/three-0.158.0.tgz",
      "integrity": "sha512-TALj4EOpdDPF1henk2Q+s17K61uEAAWQ7TJB68nr7FKxqwyDr3msOt5IWdbGm4TaWKjrtWS8DJJWe9JnvsWOhQ==",
      "peer": true
    }
  }
}
